
Microsoft Visual Studio Solution File, Format Version 12.00
# Visual Studio Version 16
VisualStudioVersion = 16.0.31005.135
MinimumVisualStudioVersion = 10.0.40219.1
Project("{2150E333-8FDC-42A3-9474-1A3956D46DE8}") = "Module 01", "Module 01", "{97F0C5AB-2C89-43E5-9DBB-92A4674C11EB}"
EndProject
Project("{9A19103F-16F7-4668-BE54-9A1E7A4F7556}") = "Debugging", "Debugging\Debugging.csproj", "{7A76104B-F31C-43D8-99ED-058A4F524FAB}"
EndProject
Project("{9A19103F-16F7-4668-BE54-9A1E7A4F7556}") = "Git", "Git\Git.csproj", "{656C60E1-3DE4-4EE3-9547-E332B84744D7}"
EndProject
Project("{9A19103F-16F7-4668-BE54-9A1E7A4F7556}") = "Population.Tests", "Population.Tests\Population.Tests.csproj", "{3E1EBA8F-D3EF-4CCD-9DC8-D1E7448B18EB}"
EndProject
Project("{2150E333-8FDC-42A3-9474-1A3956D46DE8}") = "Task 1. Debugging", "Task 1. Debugging", "{B73468D3-F78D-47B7-BA76-899CE682A1B3}"
EndProject
Project("{2150E333-8FDC-42A3-9474-1A3956D46DE8}") = "Task 2. Git", "Task 2. Git", "{DE95421E-03E0-4BE0-9325-AEDE9E007DC3}"
EndProject
Project("{2150E333-8FDC-42A3-9474-1A3956D46DE8}") = "Task 3. NUnit Tests", "Task 3. NUnit Tests", "{7B751F04-13BF-4E1C-AA1E-8098FF93EAC6}"
EndProject
Project("{2150E333-8FDC-42A3-9474-1A3956D46DE8}") = "Task 4.1 SOLID principles", "Task 4.1 SOLID principles", "{9CC6157E-AD4A-43DE-A8F1-FA8E07200651}"
EndProject
Project("{9A19103F-16F7-4668-BE54-9A1E7A4F7556}") = "Population", "Population\Population.csproj", "{39CE5C52-3D8A-4A8C-814A-F30EF77B5465}"
EndProject
Project("{2150E333-8FDC-42A3-9474-1A3956D46DE8}") = "Task 4.2 SOLID anti-principles", "Task 4.2 SOLID anti-principles", "{7F41CB8B-4BB3-4F5C-8480-74D824E3ED72}"
EndProject
Project("{9A19103F-16F7-4668-BE54-9A1E7A4F7556}") = "WebServer", "WebServer\WebServer.csproj", "{3385980D-F8A6-461A-8CCE-883C8D140767}"
EndProject
Project("{9A19103F-16F7-4668-BE54-9A1E7A4F7556}") = "FileReader", "FileReader\FileReader.csproj", "{3C0F11BE-B9C8-4D9C-B2B8-C1F711EDB30B}"
EndProject
Project("{9A19103F-16F7-4668-BE54-9A1E7A4F7556}") = "FileReader_antiSOLID", "FileReader_antiSOLID\FileReader_antiSOLID.csproj", "{A86AC0B4-7E51-4832-9AF6-565C5AAEA6A7}"
EndProject
Project("{2150E333-8FDC-42A3-9474-1A3956D46DE8}") = "Task 4.3 Decoration pattern", "Task 4.3 Decoration pattern", "{73FF2D5C-EADD-4856-96D3-F790910D0F8A}"
EndProject
Project("{9A19103F-16F7-4668-BE54-9A1E7A4F7556}") = "FileReader_v2", "FileReader_v2\FileReader_v2.csproj", "{933945F0-A977-4080-8670-D56B6DC71709}"
EndProject
Project("{FAE04EC0-301F-11D3-BF4B-00C04F79EFBC}") = "WebServer_v2", "WebServer_v2\WebServer_v2.csproj", "{4CB50281-84C6-4207-841E-5C350C09D233}"
EndProject
Global
	GlobalSection(SolutionConfigurationPlatforms) = preSolution
		Debug|Any CPU = Debug|Any CPU
		Release|Any CPU = Release|Any CPU
	EndGlobalSection
	GlobalSection(ProjectConfigurationPlatforms) = postSolution
		{7A76104B-F31C-43D8-99ED-058A4F524FAB}.Debug|Any CPU.ActiveCfg = Debug|Any CPU
		{7A76104B-F31C-43D8-99ED-058A4F524FAB}.Debug|Any CPU.Build.0 = Debug|Any CPU
		{7A76104B-F31C-43D8-99ED-058A4F524FAB}.Release|Any CPU.ActiveCfg = Release|Any CPU
		{7A76104B-F31C-43D8-99ED-058A4F524FAB}.Release|Any CPU.Build.0 = Release|Any CPU
		{656C60E1-3DE4-4EE3-9547-E332B84744D7}.Debug|Any CPU.ActiveCfg = Debug|Any CPU
		{656C60E1-3DE4-4EE3-9547-E332B84744D7}.Debug|Any CPU.Build.0 = Debug|Any CPU
		{656C60E1-3DE4-4EE3-9547-E332B84744D7}.Release|Any CPU.ActiveCfg = Release|Any CPU
		{656C60E1-3DE4-4EE3-9547-E332B84744D7}.Release|Any CPU.Build.0 = Release|Any CPU
		{3E1EBA8F-D3EF-4CCD-9DC8-D1E7448B18EB}.Debug|Any CPU.ActiveCfg = Debug|Any CPU
		{3E1EBA8F-D3EF-4CCD-9DC8-D1E7448B18EB}.Debug|Any CPU.Build.0 = Debug|Any CPU
		{3E1EBA8F-D3EF-4CCD-9DC8-D1E7448B18EB}.Release|Any CPU.ActiveCfg = Release|Any CPU
		{3E1EBA8F-D3EF-4CCD-9DC8-D1E7448B18EB}.Release|Any CPU.Build.0 = Release|Any CPU
		{39CE5C52-3D8A-4A8C-814A-F30EF77B5465}.Debug|Any CPU.ActiveCfg = Debug|Any CPU
		{39CE5C52-3D8A-4A8C-814A-F30EF77B5465}.Debug|Any CPU.Build.0 = Debug|Any CPU
		{39CE5C52-3D8A-4A8C-814A-F30EF77B5465}.Release|Any CPU.ActiveCfg = Release|Any CPU
		{39CE5C52-3D8A-4A8C-814A-F30EF77B5465}.Release|Any CPU.Build.0 = Release|Any CPU
		{3385980D-F8A6-461A-8CCE-883C8D140767}.Debug|Any CPU.ActiveCfg = Debug|Any CPU
		{3385980D-F8A6-461A-8CCE-883C8D140767}.Debug|Any CPU.Build.0 = Debug|Any CPU
		{3385980D-F8A6-461A-8CCE-883C8D140767}.Release|Any CPU.ActiveCfg = Release|Any CPU
		{3385980D-F8A6-461A-8CCE-883C8D140767}.Release|Any CPU.Build.0 = Release|Any CPU
		{3C0F11BE-B9C8-4D9C-B2B8-C1F711EDB30B}.Debug|Any CPU.ActiveCfg = Debug|Any CPU
		{3C0F11BE-B9C8-4D9C-B2B8-C1F711EDB30B}.Debug|Any CPU.Build.0 = Debug|Any CPU
		{3C0F11BE-B9C8-4D9C-B2B8-C1F711EDB30B}.Release|Any CPU.ActiveCfg = Release|Any CPU
		{3C0F11BE-B9C8-4D9C-B2B8-C1F711EDB30B}.Release|Any CPU.Build.0 = Release|Any CPU
		{A86AC0B4-7E51-4832-9AF6-565C5AAEA6A7}.Debug|Any CPU.ActiveCfg = Debug|Any CPU
		{A86AC0B4-7E51-4832-9AF6-565C5AAEA6A7}.Debug|Any CPU.Build.0 = Debug|Any CPU
		{A86AC0B4-7E51-4832-9AF6-565C5AAEA6A7}.Release|Any CPU.ActiveCfg = Release|Any CPU
		{A86AC0B4-7E51-4832-9AF6-565C5AAEA6A7}.Release|Any CPU.Build.0 = Release|Any CPU
		{933945F0-A977-4080-8670-D56B6DC71709}.Debug|Any CPU.ActiveCfg = Debug|Any CPU
		{933945F0-A977-4080-8670-D56B6DC71709}.Debug|Any CPU.Build.0 = Debug|Any CPU
		{933945F0-A977-4080-8670-D56B6DC71709}.Release|Any CPU.ActiveCfg = Release|Any CPU
		{933945F0-A977-4080-8670-D56B6DC71709}.Release|Any CPU.Build.0 = Release|Any CPU
		{4CB50281-84C6-4207-841E-5C350C09D233}.Debug|Any CPU.ActiveCfg = Debug|Any CPU
		{4CB50281-84C6-4207-841E-5C350C09D233}.Debug|Any CPU.Build.0 = Debug|Any CPU
		{4CB50281-84C6-4207-841E-5C350C09D233}.Release|Any CPU.ActiveCfg = Release|Any CPU
		{4CB50281-84C6-4207-841E-5C350C09D233}.Release|Any CPU.Build.0 = Release|Any CPU
	EndGlobalSection
	GlobalSection(SolutionProperties) = preSolution
		HideSolutionNode = FALSE
	EndGlobalSection
	GlobalSection(NestedProjects) = preSolution
		{7A76104B-F31C-43D8-99ED-058A4F524FAB} = {B73468D3-F78D-47B7-BA76-899CE682A1B3}
		{656C60E1-3DE4-4EE3-9547-E332B84744D7} = {DE95421E-03E0-4BE0-9325-AEDE9E007DC3}
		{3E1EBA8F-D3EF-4CCD-9DC8-D1E7448B18EB} = {7B751F04-13BF-4E1C-AA1E-8098FF93EAC6}
		{B73468D3-F78D-47B7-BA76-899CE682A1B3} = {97F0C5AB-2C89-43E5-9DBB-92A4674C11EB}
		{DE95421E-03E0-4BE0-9325-AEDE9E007DC3} = {97F0C5AB-2C89-43E5-9DBB-92A4674C11EB}
		{7B751F04-13BF-4E1C-AA1E-8098FF93EAC6} = {97F0C5AB-2C89-43E5-9DBB-92A4674C11EB}
		{9CC6157E-AD4A-43DE-A8F1-FA8E07200651} = {97F0C5AB-2C89-43E5-9DBB-92A4674C11EB}
		{39CE5C52-3D8A-4A8C-814A-F30EF77B5465} = {7B751F04-13BF-4E1C-AA1E-8098FF93EAC6}
		{7F41CB8B-4BB3-4F5C-8480-74D824E3ED72} = {97F0C5AB-2C89-43E5-9DBB-92A4674C11EB}
		{3385980D-F8A6-461A-8CCE-883C8D140767} = {9CC6157E-AD4A-43DE-A8F1-FA8E07200651}
		{3C0F11BE-B9C8-4D9C-B2B8-C1F711EDB30B} = {9CC6157E-AD4A-43DE-A8F1-FA8E07200651}
		{A86AC0B4-7E51-4832-9AF6-565C5AAEA6A7} = {7F41CB8B-4BB3-4F5C-8480-74D824E3ED72}
		{73FF2D5C-EADD-4856-96D3-F790910D0F8A} = {97F0C5AB-2C89-43E5-9DBB-92A4674C11EB}
		{933945F0-A977-4080-8670-D56B6DC71709} = {73FF2D5C-EADD-4856-96D3-F790910D0F8A}
		{4CB50281-84C6-4207-841E-5C350C09D233} = {73FF2D5C-EADD-4856-96D3-F790910D0F8A}
	EndGlobalSection
	GlobalSection(ExtensibilityGlobals) = postSolution
		SolutionGuid = {498F78C9-2FA6-410C-81E2-E085A1197D45}
	EndGlobalSection
EndGlobal
